
Microsoft Visual Studio Solution File, Format Version 12.00
# Visual Studio Version 16
VisualStudioVersion = 16.0.29911.84
MinimumVisualStudioVersion = 10.0.40219.1
Project("{9A19103F-16F7-4668-BE54-9A1E7A4F7556}") = "EmployeeLoginApp", "EmployeeLoginApp.csproj", "{05E99767-8068-4D1A-BE7B-4F970917A18A}"
EndProject
Project("{FAE04EC0-301F-11D3-BF4B-00C04F79EFBC}") = "Model", "..\Model\Model.csproj", "{E2BF22FF-E42B-40A7-BB63-A73C8614E073}"
EndProject
Project("{FAE04EC0-301F-11D3-BF4B-00C04F79EFBC}") = "Repository", "..\Repository\Repository.csproj", "{F983C409-85FD-4B87-B64A-D6F92FD9C774}"
EndProject
Global
	GlobalSection(SolutionConfigurationPlatforms) = preSolution
		Debug|Any CPU = Debug|Any CPU
		Release|Any CPU = Release|Any CPU
	EndGlobalSection
	GlobalSection(ProjectConfigurationPlatforms) = postSolution
		{05E99767-8068-4D1A-BE7B-4F970917A18A}.Debug|Any CPU.ActiveCfg = Debug|Any CPU
		{05E99767-8068-4D1A-BE7B-4F970917A18A}.Debug|Any CPU.Build.0 = Debug|Any CPU
		{05E99767-8068-4D1A-BE7B-4F970917A18A}.Release|Any CPU.ActiveCfg = Release|Any CPU
		{05E99767-8068-4D1A-BE7B-4F970917A18A}.Release|Any CPU.Build.0 = Release|Any CPU
		{E2BF22FF-E42B-40A7-BB63-A73C8614E073}.Debug|Any CPU.ActiveCfg = Debug|Any CPU
		{E2BF22FF-E42B-40A7-BB63-A73C8614E073}.Debug|Any CPU.Build.0 = Debug|Any CPU
		{E2BF22FF-E42B-40A7-BB63-A73C8614E073}.Release|Any CPU.ActiveCfg = Release|Any CPU
		{E2BF22FF-E42B-40A7-BB63-A73C8614E073}.Release|Any CPU.Build.0 = Release|Any CPU
		{F983C409-85FD-4B87-B64A-D6F92FD9C774}.Debug|Any CPU.ActiveCfg = Debug|Any CPU
		{F983C409-85FD-4B87-B64A-D6F92FD9C774}.Debug|Any CPU.Build.0 = Debug|Any CPU
		{F983C409-85FD-4B87-B64A-D6F92FD9C774}.Release|Any CPU.ActiveCfg = Release|Any CPU
		{F983C409-85FD-4B87-B64A-D6F92FD9C774}.Release|Any CPU.Build.0 = Release|Any CPU
	EndGlobalSection
	GlobalSection(SolutionProperties) = preSolution
		HideSolutionNode = FALSE
	EndGlobalSection
	GlobalSection(ExtensibilityGlobals) = postSolution
		SolutionGuid = {ADCFAD83-3775-47E9-A486-3A65063923C4}
	EndGlobalSection
EndGlobal
